
Microsoft Visual Studio Solution File, Format Version 12.00
# Visual Studio Version 17
VisualStudioVersion = 17.5.002.0
MinimumVisualStudioVersion = 10.0.40219.1
Project("{9A19103F-16F7-4668-BE54-9A1E7A4F7556}") = "efcoreApp", "efcoreApp.csproj", "{C8BC363B-F3C6-4BF7-BAE9-E675FCBCC10B}"
EndProject
Global
	GlobalSection(SolutionConfigurationPlatforms) = preSolution
		Debug|Any CPU = Debug|Any CPU
		Release|Any CPU = Release|Any CPU
	EndGlobalSection
	GlobalSection(ProjectConfigurationPlatforms) = postSolution
		{C8BC363B-F3C6-4BF7-BAE9-E675FCBCC10B}.Debug|Any CPU.ActiveCfg = Debug|Any CPU
		{C8BC363B-F3C6-4BF7-BAE9-E675FCBCC10B}.Debug|Any CPU.Build.0 = Debug|Any CPU
		{C8BC363B-F3C6-4BF7-BAE9-E675FCBCC10B}.Release|Any CPU.ActiveCfg = Release|Any CPU
		{C8BC363B-F3C6-4BF7-BAE9-E675FCBCC10B}.Release|Any CPU.Build.0 = Release|Any CPU
	EndGlobalSection
	GlobalSection(SolutionProperties) = preSolution
		HideSolutionNode = FALSE
	EndGlobalSection
	GlobalSection(ExtensibilityGlobals) = postSolution
		SolutionGuid = {AFF8299F-64CB-4F6E-B746-AC8A2DC54F8B}
	EndGlobalSection
EndGlobal
